
Microsoft Visual Studio Solution File, Format Version 12.00
# Visual Studio Version 17
VisualStudioVersion = 17.3.32901.215
MinimumVisualStudioVersion = 10.0.40219.1
Project("{FAE04EC0-301F-11D3-BF4B-00C04F79EFBC}") = "MultiContextIssue", "MultiContextIssue\MultiContextIssue.csproj", "{DC4C9F86-6D3D-4C24-9BBF-83A8C961752F}"
EndProject
Global
	GlobalSection(SolutionConfigurationPlatforms) = preSolution
		Debug|Any CPU = Debug|Any CPU
		Release|Any CPU = Release|Any CPU
	EndGlobalSection
	GlobalSection(ProjectConfigurationPlatforms) = postSolution
		{DC4C9F86-6D3D-4C24-9BBF-83A8C961752F}.Debug|Any CPU.ActiveCfg = Debug|Any CPU
		{DC4C9F86-6D3D-4C24-9BBF-83A8C961752F}.Debug|Any CPU.Build.0 = Debug|Any CPU
		{DC4C9F86-6D3D-4C24-9BBF-83A8C961752F}.Release|Any CPU.ActiveCfg = Release|Any CPU
		{DC4C9F86-6D3D-4C24-9BBF-83A8C961752F}.Release|Any CPU.Build.0 = Release|Any CPU
	EndGlobalSection
	GlobalSection(SolutionProperties) = preSolution
		HideSolutionNode = FALSE
	EndGlobalSection
	GlobalSection(ExtensibilityGlobals) = postSolution
		SolutionGuid = {6840A700-D3AB-4E91-A33A-D4CE1588654D}
	EndGlobalSection
EndGlobal
